PODS:
  - Analytics (3.0.1)
  - Appboy-iOS-SDK (2.17.0):
    - SDWebImage (~> 3.7.0)
  - Expecta (1.0.5)
  - OCMock (3.2)
  - SDWebImage (3.7.3):
    - SDWebImage/Core (= 3.7.3)
  - SDWebImage/Core (3.7.3)
  - Segment-Appboy (1.0.0):
    - Analytics (~> 3.0.0)
    - Appboy-iOS-SDK (~> 2.15)
  - Specta (1.0.5)

DEPENDENCIES:
  - Analytics
  - Expecta
  - OCMock
  - Segment-Appboy (from `../`)
  - Specta

EXTERNAL SOURCES:
  Segment-Appboy:
    :path: ../

SPEC CHECKSUMS:
  Analytics: 3d943bbe5b5522b7b380645474a9a0c76d126ad1
  Appboy-iOS-SDK: cc3b430b910c2b4a231f7891cd587957a3041553
  Expecta: e1c022fcd33910b6be89c291d2775b3fe27a89fe
  OCMock: 28def049ef47f996b515a8eeea958be7ccab2dbb
  SDWebImage: 1d2b1a1efda1ade1b00b6f8498865f8ddedc8a84
  Segment-Appboy: 00b351d614a5af4629464787159c0e4beb541747
  Specta: ac94d110b865115fe60ff2c6d7281053c6f8e8a2

COCOAPODS: 0.39.0
