PODS:
  - Analytics (4.1.3)
  - Appboy-tvOS-SDK (3.27.0)
  - Segment-Appboy/tvOS (3.6.1):
    - Analytics
    - Appboy-tvOS-SDK (~> 3.27.0)

DEPENDENCIES:
  - Analytics
  - Segment-Appboy/tvOS (from `../`)

SPEC REPOS:
  trunk:
    - Analytics
    - Appboy-tvOS-SDK

EXTERNAL SOURCES:
  Segment-Appboy:
    :path: "../"

SPEC CHECKSUMS:
  Analytics: 4c01e3e19d4be86705bad6581a1c2aa5a15a9d22
  Appboy-tvOS-SDK: 22993e5e47387695fe1ecec5177c16a55d427b12
  Segment-Appboy: 5497f90416c09cfd603de1047c155e26a6cf4adb

PODFILE CHECKSUM: 230825da8fa8732fc38070eef05987c5967046f4

COCOAPODS: 1.10.1
