PODS:
  - Adevinta-Segment-Appboy/tvOS (4.2.0):
    - Analytics
    - Appboy-tvOS-SDK (~> 3.27.0)
  - Analytics (4.1.3)
  - Appboy-tvOS-SDK (3.27.0)

DEPENDENCIES:
  - Adevinta-Segment-Appboy/tvOS (from `../`)
  - Analytics

SPEC REPOS:
  trunk:
    - Analytics
    - Appboy-tvOS-SDK

EXTERNAL SOURCES:
  Adevinta-Segment-Appboy:
    :path: "../"

SPEC CHECKSUMS:
  Adevinta-Segment-Appboy: 548cb9087c394f1b0f783a3da456244e4b006dc3
  Analytics: 4c01e3e19d4be86705bad6581a1c2aa5a15a9d22
  Appboy-tvOS-SDK: 22993e5e47387695fe1ecec5177c16a55d427b12

PODFILE CHECKSUM: 6f7bb33c495d8600b437ac0da6970f1e609421b2

COCOAPODS: 1.10.0
