PODS:
  - Analytics (4.1.6)
  - Appboy-tvOS-SDK (4.3.2)
  - Segment-Appboy/tvOS (4.5.0):
    - Analytics
    - Appboy-tvOS-SDK (~> 4.3.0)

DEPENDENCIES:
  - Analytics
  - Segment-Appboy/tvOS (from `../`)

SPEC REPOS:
  trunk:
    - Analytics
    - Appboy-tvOS-SDK

EXTERNAL SOURCES:
  Segment-Appboy:
    :path: "../"

SPEC CHECKSUMS:
  Analytics: eefe524436f904b8bb3f8c8c3425280e43b34efc
  Appboy-tvOS-SDK: f4e874c118474ebe0152c888191d22878d667df5
  Segment-Appboy: 3ccf7ffd34701e11029e1d013e57eae0756a8eb1

PODFILE CHECKSUM: 230825da8fa8732fc38070eef05987c5967046f4

COCOAPODS: 1.11.2
