{
  "object": {
    "pins": [
      {
        "package": "Segment",
        "repositoryURL": "https://github.com/segmentio/analytics-ios.git",
        "state": {
          "branch": null,
          "revision": "fc64997865619f73bbab196c164f7845a13da110",
          "version": "4.1.6"
        }
      },
      {
        "package": "Appboy_iOS_SDK",
        "repositoryURL": "https://github.com/Appboy/appboy-ios-sdk.git",
        "state": {
          "branch": null,
          "revision": "4fe37c10288b10340a9862597d5bce7074980ae0",
          "version": "4.3.4"
        }
      },
      {
        "package": "Segment-Appboy",
        "repositoryURL": "https://github.com/chshapiro/appboy-segment-ios",
        "state": {
          "branch": "packageRenameSpm",
          "revision": "df5f39c15dc85ec650739cf9ffaac3ba1d93a638",
          "version": null
        }
      },
      {
        "package": "SDWebImage",
        "repositoryURL": "https://github.com/SDWebImage/SDWebImage.git",
        "state": {
          "branch": null,
          "revision": "d6367439527663d2038ca445a3c3c4e4bac40d60",
          "version": "5.12.0"
        }
      }
    ]
  },
  "version": 1
}
